
Microsoft Visual Studio Solution File, Format Version 12.00
# Visual Studio Version 17
VisualStudioVersion = 17.9.34616.47
MinimumVisualStudioVersion = 10.0.40219.1
Project("{FAE04EC0-301F-11D3-BF4B-00C04F79EFBC}") = "SharpUtil", "SharpUtil\SharpUtil.csproj", "{CA938BD7-0734-451B-B39A-3A7DAE0A6A90}"
EndProject
Project("{FAE04EC0-301F-11D3-BF4B-00C04F79EFBC}") = "Test", "Test\Test.csproj", "{46D898F8-4627-4FDC-A393-E611AF15B1D1}"
EndProject
Global
	GlobalSection(SolutionConfigurationPlatforms) = preSolution
		Debug|Any CPU = Debug|Any CPU
		Release|Any CPU = Release|Any CPU
	EndGlobalSection
	GlobalSection(ProjectConfigurationPlatforms) = postSolution
		{CA938BD7-0734-451B-B39A-3A7DAE0A6A90}.Debug|Any CPU.ActiveCfg = Debug|Any CPU
		{CA938BD7-0734-451B-B39A-3A7DAE0A6A90}.Debug|Any CPU.Build.0 = Debug|Any CPU
		{CA938BD7-0734-451B-B39A-3A7DAE0A6A90}.Release|Any CPU.ActiveCfg = Release|Any CPU
		{CA938BD7-0734-451B-B39A-3A7DAE0A6A90}.Release|Any CPU.Build.0 = Release|Any CPU
		{46D898F8-4627-4FDC-A393-E611AF15B1D1}.Debug|Any CPU.ActiveCfg = Debug|Any CPU
		{46D898F8-4627-4FDC-A393-E611AF15B1D1}.Debug|Any CPU.Build.0 = Debug|Any CPU
		{46D898F8-4627-4FDC-A393-E611AF15B1D1}.Release|Any CPU.ActiveCfg = Release|Any CPU
		{46D898F8-4627-4FDC-A393-E611AF15B1D1}.Release|Any CPU.Build.0 = Release|Any CPU
	EndGlobalSection
	GlobalSection(SolutionProperties) = preSolution
		HideSolutionNode = FALSE
	EndGlobalSection
	GlobalSection(ExtensibilityGlobals) = postSolution
		SolutionGuid = {3D6C3AD7-8052-4F53-9D02-B63500DE3C4F}
	EndGlobalSection
EndGlobal
